
Microsoft Visual Studio Solution File, Format Version 12.00
# Visual Studio Version 16
VisualStudioVersion = 16.0.32126.315
MinimumVisualStudioVersion = 10.0.40219.1
Project("{8BC9CEB8-8B4A-11D0-8D11-00A0C91BC942}") = "Assignment2_Question2", "Assignment2_Question2\Assignment2_Question2.vcxproj", "{D4CF1D9A-9FD8-4D59-B788-0C1B5C288871}"
EndProject
Global
	GlobalSection(SolutionConfigurationPlatforms) = preSolution
		Debug|x64 = Debug|x64
		Debug|x86 = Debug|x86
		Release|x64 = Release|x64
		Release|x86 = Release|x86
	EndGlobalSection
	GlobalSection(ProjectConfigurationPlatforms) = postSolution
		{D4CF1D9A-9FD8-4D59-B788-0C1B5C288871}.Debug|x64.ActiveCfg = Debug|x64
		{D4CF1D9A-9FD8-4D59-B788-0C1B5C288871}.Debug|x64.Build.0 = Debug|x64
		{D4CF1D9A-9FD8-4D59-B788-0C1B5C288871}.Debug|x86.ActiveCfg = Debug|Win32
		{D4CF1D9A-9FD8-4D59-B788-0C1B5C288871}.Debug|x86.Build.0 = Debug|Win32
		{D4CF1D9A-9FD8-4D59-B788-0C1B5C288871}.Release|x64.ActiveCfg = Release|x64
		{D4CF1D9A-9FD8-4D59-B788-0C1B5C288871}.Release|x64.Build.0 = Release|x64
		{D4CF1D9A-9FD8-4D59-B788-0C1B5C288871}.Release|x86.ActiveCfg = Release|Win32
		{D4CF1D9A-9FD8-4D59-B788-0C1B5C288871}.Release|x86.Build.0 = Release|Win32
	EndGlobalSection
	GlobalSection(SolutionProperties) = preSolution
		HideSolutionNode = FALSE
	EndGlobalSection
	GlobalSection(ExtensibilityGlobals) = postSolution
		SolutionGuid = {88861619-47AC-4F61-9FE1-CB054A6C5DE0}
	EndGlobalSection
EndGlobal
